
Microsoft Visual Studio Solution File, Format Version 12.00
# Visual Studio Version 16
VisualStudioVersion = 16.0.31613.86
MinimumVisualStudioVersion = 10.0.40219.1
Project("{9A19103F-16F7-4668-BE54-9A1E7A4F7556}") = "CSharpWorkspace", "ConsoleApp5\CSharpWorkspace.csproj", "{A6F6359A-AD1A-4161-B1F5-E1CDA68F18FA}"
EndProject
Global
	GlobalSection(SolutionConfigurationPlatforms) = preSolution
		Debug|Any CPU = Debug|Any CPU
		Release|Any CPU = Release|Any CPU
	EndGlobalSection
	GlobalSection(ProjectConfigurationPlatforms) = postSolution
		{A6F6359A-AD1A-4161-B1F5-E1CDA68F18FA}.Debug|Any CPU.ActiveCfg = Debug|Any CPU
		{A6F6359A-AD1A-4161-B1F5-E1CDA68F18FA}.Debug|Any CPU.Build.0 = Debug|Any CPU
		{A6F6359A-AD1A-4161-B1F5-E1CDA68F18FA}.Release|Any CPU.ActiveCfg = Release|Any CPU
		{A6F6359A-AD1A-4161-B1F5-E1CDA68F18FA}.Release|Any CPU.Build.0 = Release|Any CPU
	EndGlobalSection
	GlobalSection(SolutionProperties) = preSolution
		HideSolutionNode = FALSE
	EndGlobalSection
	GlobalSection(ExtensibilityGlobals) = postSolution
		SolutionGuid = {656E4E29-BEEB-460E-9C2E-8FC3C7458042}
	EndGlobalSection
EndGlobal
